
Microsoft Visual Studio Solution File, Format Version 12.00
# Visual Studio 15
VisualStudioVersion = 15.0.27004.2005
MinimumVisualStudioVersion = 10.0.40219.1
Project("{FAE04EC0-301F-11D3-BF4B-00C04F79EFBC}") = "NX.Notepad.Forms", "src\Core\NX.Notepad.Forms\NX.Notepad.Forms.csproj", "{0C0679A8-1DB7-4D87-B430-B833602B4149}"
EndProject
Project("{FAE04EC0-301F-11D3-BF4B-00C04F79EFBC}") = "NX.Notepad.Models", "src\Core\NX.Notepad.Models\NX.Notepad.Models.csproj", "{F05558FF-42A9-45AC-B9D6-71A825F67A0E}"
EndProject
Project("{2150E333-8FDC-42A3-9474-1A3956D46DE8}") = "Core", "Core", "{61103C54-27E8-4700-BC85-B3F97D37B73C}"
EndProject
Project("{2150E333-8FDC-42A3-9474-1A3956D46DE8}") = "Platform", "Platform", "{B288E09F-6169-499C-97D9-89F477E35326}"
EndProject
Project("{FAE04EC0-301F-11D3-BF4B-00C04F79EFBC}") = "NX.Notepad.Android", "src\Platform\NX.Notepad.Android\NX.Notepad.Android.csproj", "{08A91F27-D98E-4A65-B0E3-ABBFED5F8A5A}"
EndProject
Project("{FAE04EC0-301F-11D3-BF4B-00C04F79EFBC}") = "NX.Notepad.iOS", "src\Platform\NX.Notepad.iOS\NX.Notepad.iOS.csproj", "{285B9171-875F-42CD-876C-0B599165E3DD}"
EndProject
Project("{FAE04EC0-301F-11D3-BF4B-00C04F79EFBC}") = "NX.Notepad.UWP", "src\Platform\NX.Notepad.UWP\NX.Notepad.UWP.csproj", "{4B80F568-84BC-4835-8F4E-C8D9E01492CC}"
EndProject
Global
	GlobalSection(SolutionConfigurationPlatforms) = preSolution
		Ad-Hoc|Any CPU = Ad-Hoc|Any CPU
		Ad-Hoc|ARM = Ad-Hoc|ARM
		Ad-Hoc|iPhone = Ad-Hoc|iPhone
		Ad-Hoc|iPhoneSimulator = Ad-Hoc|iPhoneSimulator
		Ad-Hoc|x64 = Ad-Hoc|x64
		Ad-Hoc|x86 = Ad-Hoc|x86
		AppStore|Any CPU = AppStore|Any CPU
		AppStore|ARM = AppStore|ARM
		AppStore|iPhone = AppStore|iPhone
		AppStore|iPhoneSimulator = AppStore|iPhoneSimulator
		AppStore|x64 = AppStore|x64
		AppStore|x86 = AppStore|x86
		Debug|Any CPU = Debug|Any CPU
		Debug|ARM = Debug|ARM
		Debug|iPhone = Debug|iPhone
		Debug|iPhoneSimulator = Debug|iPhoneSimulator
		Debug|x64 = Debug|x64
		Debug|x86 = Debug|x86
		Release|Any CPU = Release|Any CPU
		Release|ARM = Release|ARM
		Release|iPhone = Release|iPhone
		Release|iPhoneSimulator = Release|iPhoneSimulator
		Release|x64 = Release|x64
		Release|x86 = Release|x86
	EndGlobalSection
	GlobalSection(ProjectConfigurationPlatforms) = postSolution
		{0C0679A8-1DB7-4D87-B430-B833602B4149}.Ad-Hoc|Any CPU.ActiveCfg = Debug|Any CPU
		{0C0679A8-1DB7-4D87-B430-B833602B4149}.Ad-Hoc|Any CPU.Build.0 = Debug|Any CPU
		{0C0679A8-1DB7-4D87-B430-B833602B4149}.Ad-Hoc|ARM.ActiveCfg = Debug|Any CPU
		{0C0679A8-1DB7-4D87-B430-B833602B4149}.Ad-Hoc|ARM.Build.0 = Debug|Any CPU
		{0C0679A8-1DB7-4D87-B430-B833602B4149}.Ad-Hoc|iPhone.ActiveCfg = Debug|Any CPU
		{0C0679A8-1DB7-4D87-B430-B833602B4149}.Ad-Hoc|iPhone.Build.0 = Debug|Any CPU
		{0C0679A8-1DB7-4D87-B430-B833602B4149}.Ad-Hoc|iPhoneSimulator.ActiveCfg = Debug|Any CPU
		{0C0679A8-1DB7-4D87-B430-B833602B4149}.Ad-Hoc|iPhoneSimulator.Build.0 = Debug|Any CPU
		{0C0679A8-1DB7-4D87-B430-B833602B4149}.Ad-Hoc|x64.ActiveCfg = Debug|Any CPU
		{0C0679A8-1DB7-4D87-B430-B833602B4149}.Ad-Hoc|x64.Build.0 = Debug|Any CPU
		{0C0679A8-1DB7-4D87-B430-B833602B4149}.Ad-Hoc|x86.ActiveCfg = Debug|Any CPU
		{0C0679A8-1DB7-4D87-B430-B833602B4149}.Ad-Hoc|x86.Build.0 = Debug|Any CPU
		{0C0679A8-1DB7-4D87-B430-B833602B4149}.AppStore|Any CPU.ActiveCfg = Debug|Any CPU
		{0C0679A8-1DB7-4D87-B430-B833602B4149}.AppStore|Any CPU.Build.0 = Debug|Any CPU
		{0C0679A8-1DB7-4D87-B430-B833602B4149}.AppStore|ARM.ActiveCfg = Debug|Any CPU
		{0C0679A8-1DB7-4D87-B430-B833602B4149}.AppStore|ARM.Build.0 = Debug|Any CPU
		{0C0679A8-1DB7-4D87-B430-B833602B4149}.AppStore|iPhone.ActiveCfg = Debug|Any CPU
		{0C0679A8-1DB7-4D87-B430-B833602B4149}.AppStore|iPhone.Build.0 = Debug|Any CPU
		{0C0679A8-1DB7-4D87-B430-B833602B4149}.AppStore|iPhoneSimulator.ActiveCfg = Debug|Any CPU
		{0C0679A8-1DB7-4D87-B430-B833602B4149}.AppStore|iPhoneSimulator.Build.0 = Debug|Any CPU
		{0C0679A8-1DB7-4D87-B430-B833602B4149}.AppStore|x64.ActiveCfg = Debug|Any CPU
		{0C0679A8-1DB7-4D87-B430-B833602B4149}.AppStore|x64.Build.0 = Debug|Any CPU
		{0C0679A8-1DB7-4D87-B430-B833602B4149}.AppStore|x86.ActiveCfg = Debug|Any CPU
		{0C0679A8-1DB7-4D87-B430-B833602B4149}.AppStore|x86.Build.0 = Debug|Any CPU
		{0C0679A8-1DB7-4D87-B430-B833602B4149}.Debug|Any CPU.ActiveCfg = Debug|Any CPU
		{0C0679A8-1DB7-4D87-B430-B833602B4149}.Debug|Any CPU.Build.0 = Debug|Any CPU
		{0C0679A8-1DB7-4D87-B430-B833602B4149}.Debug|ARM.ActiveCfg = Debug|Any CPU
		{0C0679A8-1DB7-4D87-B430-B833602B4149}.Debug|ARM.Build.0 = Debug|Any CPU
		{0C0679A8-1DB7-4D87-B430-B833602B4149}.Debug|iPhone.ActiveCfg = Debug|Any CPU
		{0C0679A8-1DB7-4D87-B430-B833602B4149}.Debug|iPhone.Build.0 = Debug|Any CPU
		{0C0679A8-1DB7-4D87-B430-B833602B4149}.Debug|iPhoneSimulator.ActiveCfg = Debug|Any CPU
		{0C0679A8-1DB7-4D87-B430-B833602B4149}.Debug|iPhoneSimulator.Build.0 = Debug|Any CPU
		{0C0679A8-1DB7-4D87-B430-B833602B4149}.Debug|x64.ActiveCfg = Debug|Any CPU
		{0C0679A8-1DB7-4D87-B430-B833602B4149}.Debug|x64.Build.0 = Debug|Any CPU
		{0C0679A8-1DB7-4D87-B430-B833602B4149}.Debug|x86.ActiveCfg = Debug|Any CPU
		{0C0679A8-1DB7-4D87-B430-B833602B4149}.Debug|x86.Build.0 = Debug|Any CPU
		{0C0679A8-1DB7-4D87-B430-B833602B4149}.Release|Any CPU.ActiveCfg = Release|Any CPU
		{0C0679A8-1DB7-4D87-B430-B833602B4149}.Release|Any CPU.Build.0 = Release|Any CPU
		{0C0679A8-1DB7-4D87-B430-B833602B4149}.Release|ARM.ActiveCfg = Release|Any CPU
		{0C0679A8-1DB7-4D87-B430-B833602B4149}.Release|ARM.Build.0 = Release|Any CPU
		{0C0679A8-1DB7-4D87-B430-B833602B4149}.Release|iPhone.ActiveCfg = Release|Any CPU
		{0C0679A8-1DB7-4D87-B430-B833602B4149}.Release|iPhone.Build.0 = Release|Any CPU
		{0C0679A8-1DB7-4D87-B430-B833602B4149}.Release|iPhoneSimulator.ActiveCfg = Release|Any CPU
		{0C0679A8-1DB7-4D87-B430-B833602B4149}.Release|iPhoneSimulator.Build.0 = Release|Any CPU
		{0C0679A8-1DB7-4D87-B430-B833602B4149}.Release|x64.ActiveCfg = Release|Any CPU
		{0C0679A8-1DB7-4D87-B430-B833602B4149}.Release|x64.Build.0 = Release|Any CPU
		{0C0679A8-1DB7-4D87-B430-B833602B4149}.Release|x86.ActiveCfg = Release|Any CPU
		{0C0679A8-1DB7-4D87-B430-B833602B4149}.Release|x86.Build.0 = Release|Any CPU
		{F05558FF-42A9-45AC-B9D6-71A825F67A0E}.Ad-Hoc|Any CPU.ActiveCfg = Debug|Any CPU
		{F05558FF-42A9-45AC-B9D6-71A825F67A0E}.Ad-Hoc|Any CPU.Build.0 = Debug|Any CPU
		{F05558FF-42A9-45AC-B9D6-71A825F67A0E}.Ad-Hoc|ARM.ActiveCfg = Debug|Any CPU
		{F05558FF-42A9-45AC-B9D6-71A825F67A0E}.Ad-Hoc|ARM.Build.0 = Debug|Any CPU
		{F05558FF-42A9-45AC-B9D6-71A825F67A0E}.Ad-Hoc|iPhone.ActiveCfg = Debug|Any CPU
		{F05558FF-42A9-45AC-B9D6-71A825F67A0E}.Ad-Hoc|iPhone.Build.0 = Debug|Any CPU
		{F05558FF-42A9-45AC-B9D6-71A825F67A0E}.Ad-Hoc|iPhoneSimulator.ActiveCfg = Debug|Any CPU
		{F05558FF-42A9-45AC-B9D6-71A825F67A0E}.Ad-Hoc|iPhoneSimulator.Build.0 = Debug|Any CPU
		{F05558FF-42A9-45AC-B9D6-71A825F67A0E}.Ad-Hoc|x64.ActiveCfg = Debug|Any CPU
		{F05558FF-42A9-45AC-B9D6-71A825F67A0E}.Ad-Hoc|x64.Build.0 = Debug|Any CPU
		{F05558FF-42A9-45AC-B9D6-71A825F67A0E}.Ad-Hoc|x86.ActiveCfg = Debug|Any CPU
		{F05558FF-42A9-45AC-B9D6-71A825F67A0E}.Ad-Hoc|x86.Build.0 = Debug|Any CPU
		{F05558FF-42A9-45AC-B9D6-71A825F67A0E}.AppStore|Any CPU.ActiveCfg = Debug|Any CPU
		{F05558FF-42A9-45AC-B9D6-71A825F67A0E}.AppStore|Any CPU.Build.0 = Debug|Any CPU
		{F05558FF-42A9-45AC-B9D6-71A825F67A0E}.AppStore|ARM.ActiveCfg = Debug|Any CPU
		{F05558FF-42A9-45AC-B9D6-71A825F67A0E}.AppStore|ARM.Build.0 = Debug|Any CPU
		{F05558FF-42A9-45AC-B9D6-71A825F67A0E}.AppStore|iPhone.ActiveCfg = Debug|Any CPU
		{F05558FF-42A9-45AC-B9D6-71A825F67A0E}.AppStore|iPhone.Build.0 = Debug|Any CPU
		{F05558FF-42A9-45AC-B9D6-71A825F67A0E}.AppStore|iPhoneSimulator.ActiveCfg = Debug|Any CPU
		{F05558FF-42A9-45AC-B9D6-71A825F67A0E}.AppStore|iPhoneSimulator.Build.0 = Debug|Any CPU
		{F05558FF-42A9-45AC-B9D6-71A825F67A0E}.AppStore|x64.ActiveCfg = Debug|Any CPU
		{F05558FF-42A9-45AC-B9D6-71A825F67A0E}.AppStore|x64.Build.0 = Debug|Any CPU
		{F05558FF-42A9-45AC-B9D6-71A825F67A0E}.AppStore|x86.ActiveCfg = Debug|Any CPU
		{F05558FF-42A9-45AC-B9D6-71A825F67A0E}.AppStore|x86.Build.0 = Debug|Any CPU
		{F05558FF-42A9-45AC-B9D6-71A825F67A0E}.Debug|Any CPU.ActiveCfg = Debug|Any CPU
		{F05558FF-42A9-45AC-B9D6-71A825F67A0E}.Debug|Any CPU.Build.0 = Debug|Any CPU
		{F05558FF-42A9-45AC-B9D6-71A825F67A0E}.Debug|ARM.ActiveCfg = Debug|Any CPU
		{F05558FF-42A9-45AC-B9D6-71A825F67A0E}.Debug|ARM.Build.0 = Debug|Any CPU
		{F05558FF-42A9-45AC-B9D6-71A825F67A0E}.Debug|iPhone.ActiveCfg = Debug|Any CPU
		{F05558FF-42A9-45AC-B9D6-71A825F67A0E}.Debug|iPhone.Build.0 = Debug|Any CPU
		{F05558FF-42A9-45AC-B9D6-71A825F67A0E}.Debug|iPhoneSimulator.ActiveCfg = Debug|Any CPU
		{F05558FF-42A9-45AC-B9D6-71A825F67A0E}.Debug|iPhoneSimulator.Build.0 = Debug|Any CPU
		{F05558FF-42A9-45AC-B9D6-71A825F67A0E}.Debug|x64.ActiveCfg = Debug|Any CPU
		{F05558FF-42A9-45AC-B9D6-71A825F67A0E}.Debug|x64.Build.0 = Debug|Any CPU
		{F05558FF-42A9-45AC-B9D6-71A825F67A0E}.Debug|x86.ActiveCfg = Debug|Any CPU
		{F05558FF-42A9-45AC-B9D6-71A825F67A0E}.Debug|x86.Build.0 = Debug|Any CPU
		{F05558FF-42A9-45AC-B9D6-71A825F67A0E}.Release|Any CPU.ActiveCfg = Release|Any CPU
		{F05558FF-42A9-45AC-B9D6-71A825F67A0E}.Release|Any CPU.Build.0 = Release|Any CPU
		{F05558FF-42A9-45AC-B9D6-71A825F67A0E}.Release|ARM.ActiveCfg = Release|Any CPU
		{F05558FF-42A9-45AC-B9D6-71A825F67A0E}.Release|ARM.Build.0 = Release|Any CPU
		{F05558FF-42A9-45AC-B9D6-71A825F67A0E}.Release|iPhone.ActiveCfg = Release|Any CPU
		{F05558FF-42A9-45AC-B9D6-71A825F67A0E}.Release|iPhone.Build.0 = Release|Any CPU
		{F05558FF-42A9-45AC-B9D6-71A825F67A0E}.Release|iPhoneSimulator.ActiveCfg = Release|Any CPU
		{F05558FF-42A9-45AC-B9D6-71A825F67A0E}.Release|iPhoneSimulator.Build.0 = Release|Any CPU
		{F05558FF-42A9-45AC-B9D6-71A825F67A0E}.Release|x64.ActiveCfg = Release|Any CPU
		{F05558FF-42A9-45AC-B9D6-71A825F67A0E}.Release|x64.Build.0 = Release|Any CPU
		{F05558FF-42A9-45AC-B9D6-71A825F67A0E}.Release|x86.ActiveCfg = Release|Any CPU
		{F05558FF-42A9-45AC-B9D6-71A825F67A0E}.Release|x86.Build.0 = Release|Any CPU
		{08A91F27-D98E-4A65-B0E3-ABBFED5F8A5A}.Ad-Hoc|Any CPU.ActiveCfg = Release|Any CPU
		{08A91F27-D98E-4A65-B0E3-ABBFED5F8A5A}.Ad-Hoc|Any CPU.Build.0 = Release|Any CPU
		{08A91F27-D98E-4A65-B0E3-ABBFED5F8A5A}.Ad-Hoc|Any CPU.Deploy.0 = Release|Any CPU
		{08A91F27-D98E-4A65-B0E3-ABBFED5F8A5A}.Ad-Hoc|ARM.ActiveCfg = Release|Any CPU
		{08A91F27-D98E-4A65-B0E3-ABBFED5F8A5A}.Ad-Hoc|ARM.Build.0 = Release|Any CPU
		{08A91F27-D98E-4A65-B0E3-ABBFED5F8A5A}.Ad-Hoc|ARM.Deploy.0 = Release|Any CPU
		{08A91F27-D98E-4A65-B0E3-ABBFED5F8A5A}.Ad-Hoc|iPhone.ActiveCfg = Release|Any CPU
		{08A91F27-D98E-4A65-B0E3-ABBFED5F8A5A}.Ad-Hoc|iPhone.Build.0 = Release|Any CPU
		{08A91F27-D98E-4A65-B0E3-ABBFED5F8A5A}.Ad-Hoc|iPhone.Deploy.0 = Release|Any CPU
		{08A91F27-D98E-4A65-B0E3-ABBFED5F8A5A}.Ad-Hoc|iPhoneSimulator.ActiveCfg = Release|Any CPU
		{08A91F27-D98E-4A65-B0E3-ABBFED5F8A5A}.Ad-Hoc|iPhoneSimulator.Build.0 = Release|Any CPU
		{08A91F27-D98E-4A65-B0E3-ABBFED5F8A5A}.Ad-Hoc|iPhoneSimulator.Deploy.0 = Release|Any CPU
		{08A91F27-D98E-4A65-B0E3-ABBFED5F8A5A}.Ad-Hoc|x64.ActiveCfg = Release|Any CPU
		{08A91F27-D98E-4A65-B0E3-ABBFED5F8A5A}.Ad-Hoc|x64.Build.0 = Release|Any CPU
		{08A91F27-D98E-4A65-B0E3-ABBFED5F8A5A}.Ad-Hoc|x64.Deploy.0 = Release|Any CPU
		{08A91F27-D98E-4A65-B0E3-ABBFED5F8A5A}.Ad-Hoc|x86.ActiveCfg = Release|Any CPU
		{08A91F27-D98E-4A65-B0E3-ABBFED5F8A5A}.Ad-Hoc|x86.Build.0 = Release|Any CPU
		{08A91F27-D98E-4A65-B0E3-ABBFED5F8A5A}.Ad-Hoc|x86.Deploy.0 = Release|Any CPU
		{08A91F27-D98E-4A65-B0E3-ABBFED5F8A5A}.AppStore|Any CPU.ActiveCfg = Release|Any CPU
		{08A91F27-D98E-4A65-B0E3-ABBFED5F8A5A}.AppStore|Any CPU.Build.0 = Release|Any CPU
		{08A91F27-D98E-4A65-B0E3-ABBFED5F8A5A}.AppStore|Any CPU.Deploy.0 = Release|Any CPU
		{08A91F27-D98E-4A65-B0E3-ABBFED5F8A5A}.AppStore|ARM.ActiveCfg = Release|Any CPU
		{08A91F27-D98E-4A65-B0E3-ABBFED5F8A5A}.AppStore|ARM.Build.0 = Release|Any CPU
		{08A91F27-D98E-4A65-B0E3-ABBFED5F8A5A}.AppStore|ARM.Deploy.0 = Release|Any CPU
		{08A91F27-D98E-4A65-B0E3-ABBFED5F8A5A}.AppStore|iPhone.ActiveCfg = Release|Any CPU
		{08A91F27-D98E-4A65-B0E3-ABBFED5F8A5A}.AppStore|iPhone.Build.0 = Release|Any CPU
		{08A91F27-D98E-4A65-B0E3-ABBFED5F8A5A}.AppStore|iPhone.Deploy.0 = Release|Any CPU
		{08A91F27-D98E-4A65-B0E3-ABBFED5F8A5A}.AppStore|iPhoneSimulator.ActiveCfg = Release|Any CPU
		{08A91F27-D98E-4A65-B0E3-ABBFED5F8A5A}.AppStore|iPhoneSimulator.Build.0 = Release|Any CPU
		{08A91F27-D98E-4A65-B0E3-ABBFED5F8A5A}.AppStore|iPhoneSimulator.Deploy.0 = Release|Any CPU
		{08A91F27-D98E-4A65-B0E3-ABBFED5F8A5A}.AppStore|x64.ActiveCfg = Release|Any CPU
		{08A91F27-D98E-4A65-B0E3-ABBFED5F8A5A}.AppStore|x64.Build.0 = Release|Any CPU
		{08A91F27-D98E-4A65-B0E3-ABBFED5F8A5A}.AppStore|x64.Deploy.0 = Release|Any CPU
		{08A91F27-D98E-4A65-B0E3-ABBFED5F8A5A}.AppStore|x86.ActiveCfg = Release|Any CPU
		{08A91F27-D98E-4A65-B0E3-ABBFED5F8A5A}.AppStore|x86.Build.0 = Release|Any CPU
		{08A91F27-D98E-4A65-B0E3-ABBFED5F8A5A}.AppStore|x86.Deploy.0 = Release|Any CPU
		{08A91F27-D98E-4A65-B0E3-ABBFED5F8A5A}.Debug|Any CPU.ActiveCfg = Debug|Any CPU
		{08A91F27-D98E-4A65-B0E3-ABBFED5F8A5A}.Debug|Any CPU.Build.0 = Debug|Any CPU
		{08A91F27-D98E-4A65-B0E3-ABBFED5F8A5A}.Debug|Any CPU.Deploy.0 = Debug|Any CPU
		{08A91F27-D98E-4A65-B0E3-ABBFED5F8A5A}.Debug|ARM.ActiveCfg = Debug|Any CPU
		{08A91F27-D98E-4A65-B0E3-ABBFED5F8A5A}.Debug|ARM.Build.0 = Debug|Any CPU
		{08A91F27-D98E-4A65-B0E3-ABBFED5F8A5A}.Debug|ARM.Deploy.0 = Debug|Any CPU
		{08A91F27-D98E-4A65-B0E3-ABBFED5F8A5A}.Debug|iPhone.ActiveCfg = Debug|Any CPU
		{08A91F27-D98E-4A65-B0E3-ABBFED5F8A5A}.Debug|iPhone.Build.0 = Debug|Any CPU
		{08A91F27-D98E-4A65-B0E3-ABBFED5F8A5A}.Debug|iPhone.Deploy.0 = Debug|Any CPU
		{08A91F27-D98E-4A65-B0E3-ABBFED5F8A5A}.Debug|iPhoneSimulator.ActiveCfg = Debug|Any CPU
		{08A91F27-D98E-4A65-B0E3-ABBFED5F8A5A}.Debug|iPhoneSimulator.Build.0 = Debug|Any CPU
		{08A91F27-D98E-4A65-B0E3-ABBFED5F8A5A}.Debug|iPhoneSimulator.Deploy.0 = Debug|Any CPU
		{08A91F27-D98E-4A65-B0E3-ABBFED5F8A5A}.Debug|x64.ActiveCfg = Debug|Any CPU
		{08A91F27-D98E-4A65-B0E3-ABBFED5F8A5A}.Debug|x64.Build.0 = Debug|Any CPU
		{08A91F27-D98E-4A65-B0E3-ABBFED5F8A5A}.Debug|x64.Deploy.0 = Debug|Any CPU
		{08A91F27-D98E-4A65-B0E3-ABBFED5F8A5A}.Debug|x86.ActiveCfg = Debug|Any CPU
		{08A91F27-D98E-4A65-B0E3-ABBFED5F8A5A}.Debug|x86.Build.0 = Debug|Any CPU
		{08A91F27-D98E-4A65-B0E3-ABBFED5F8A5A}.Debug|x86.Deploy.0 = Debug|Any CPU
		{08A91F27-D98E-4A65-B0E3-ABBFED5F8A5A}.Release|Any CPU.ActiveCfg = Release|Any CPU
		{08A91F27-D98E-4A65-B0E3-ABBFED5F8A5A}.Release|Any CPU.Build.0 = Release|Any CPU
		{08A91F27-D98E-4A65-B0E3-ABBFED5F8A5A}.Release|Any CPU.Deploy.0 = Release|Any CPU
		{08A91F27-D98E-4A65-B0E3-ABBFED5F8A5A}.Release|ARM.ActiveCfg = Release|Any CPU
		{08A91F27-D98E-4A65-B0E3-ABBFED5F8A5A}.Release|ARM.Build.0 = Release|Any CPU
		{08A91F27-D98E-4A65-B0E3-ABBFED5F8A5A}.Release|ARM.Deploy.0 = Release|Any CPU
		{08A91F27-D98E-4A65-B0E3-ABBFED5F8A5A}.Release|iPhone.ActiveCfg = Release|Any CPU
		{08A91F27-D98E-4A65-B0E3-ABBFED5F8A5A}.Release|iPhone.Build.0 = Release|Any CPU
		{08A91F27-D98E-4A65-B0E3-ABBFED5F8A5A}.Release|iPhone.Deploy.0 = Release|Any CPU
		{08A91F27-D98E-4A65-B0E3-ABBFED5F8A5A}.Release|iPhoneSimulator.ActiveCfg = Release|Any CPU
		{08A91F27-D98E-4A65-B0E3-ABBFED5F8A5A}.Release|iPhoneSimulator.Build.0 = Release|Any CPU
		{08A91F27-D98E-4A65-B0E3-ABBFED5F8A5A}.Release|iPhoneSimulator.Deploy.0 = Release|Any CPU
		{08A91F27-D98E-4A65-B0E3-ABBFED5F8A5A}.Release|x64.ActiveCfg = Release|Any CPU
		{08A91F27-D98E-4A65-B0E3-ABBFED5F8A5A}.Release|x64.Build.0 = Release|Any CPU
		{08A91F27-D98E-4A65-B0E3-ABBFED5F8A5A}.Release|x64.Deploy.0 = Release|Any CPU
		{08A91F27-D98E-4A65-B0E3-ABBFED5F8A5A}.Release|x86.ActiveCfg = Release|Any CPU
		{08A91F27-D98E-4A65-B0E3-ABBFED5F8A5A}.Release|x86.Build.0 = Release|Any CPU
		{08A91F27-D98E-4A65-B0E3-ABBFED5F8A5A}.Release|x86.Deploy.0 = Release|Any CPU
		{285B9171-875F-42CD-876C-0B599165E3DD}.Ad-Hoc|Any CPU.ActiveCfg = Ad-Hoc|iPhone
		{285B9171-875F-42CD-876C-0B599165E3DD}.Ad-Hoc|ARM.ActiveCfg = Ad-Hoc|iPhone
		{285B9171-875F-42CD-876C-0B599165E3DD}.Ad-Hoc|iPhone.ActiveCfg = Ad-Hoc|iPhone
		{285B9171-875F-42CD-876C-0B599165E3DD}.Ad-Hoc|iPhone.Build.0 = Ad-Hoc|iPhone
		{285B9171-875F-42CD-876C-0B599165E3DD}.Ad-Hoc|iPhoneSimulator.ActiveCfg = Ad-Hoc|iPhoneSimulator
		{285B9171-875F-42CD-876C-0B599165E3DD}.Ad-Hoc|iPhoneSimulator.Build.0 = Ad-Hoc|iPhoneSimulator
		{285B9171-875F-42CD-876C-0B599165E3DD}.Ad-Hoc|x64.ActiveCfg = Ad-Hoc|iPhone
		{285B9171-875F-42CD-876C-0B599165E3DD}.Ad-Hoc|x86.ActiveCfg = Ad-Hoc|iPhone
		{285B9171-875F-42CD-876C-0B599165E3DD}.AppStore|Any CPU.ActiveCfg = AppStore|iPhone
		{285B9171-875F-42CD-876C-0B599165E3DD}.AppStore|ARM.ActiveCfg = AppStore|iPhone
		{285B9171-875F-42CD-876C-0B599165E3DD}.AppStore|iPhone.ActiveCfg = AppStore|iPhone
		{285B9171-875F-42CD-876C-0B599165E3DD}.AppStore|iPhone.Build.0 = AppStore|iPhone
		{285B9171-875F-42CD-876C-0B599165E3DD}.AppStore|iPhoneSimulator.ActiveCfg = AppStore|iPhoneSimulator
		{285B9171-875F-42CD-876C-0B599165E3DD}.AppStore|iPhoneSimulator.Build.0 = AppStore|iPhoneSimulator
		{285B9171-875F-42CD-876C-0B599165E3DD}.AppStore|x64.ActiveCfg = AppStore|iPhone
		{285B9171-875F-42CD-876C-0B599165E3DD}.AppStore|x86.ActiveCfg = AppStore|iPhone
		{285B9171-875F-42CD-876C-0B599165E3DD}.Debug|Any CPU.ActiveCfg = Debug|iPhone
		{285B9171-875F-42CD-876C-0B599165E3DD}.Debug|ARM.ActiveCfg = Debug|iPhone
		{285B9171-875F-42CD-876C-0B599165E3DD}.Debug|iPhone.ActiveCfg = Debug|iPhone
		{285B9171-875F-42CD-876C-0B599165E3DD}.Debug|iPhone.Build.0 = Debug|iPhone
		{285B9171-875F-42CD-876C-0B599165E3DD}.Debug|iPhoneSimulator.ActiveCfg = Debug|iPhoneSimulator
		{285B9171-875F-42CD-876C-0B599165E3DD}.Debug|iPhoneSimulator.Build.0 = Debug|iPhoneSimulator
		{285B9171-875F-42CD-876C-0B599165E3DD}.Debug|x64.ActiveCfg = Debug|iPhone
		{285B9171-875F-42CD-876C-0B599165E3DD}.Debug|x86.ActiveCfg = Debug|iPhone
		{285B9171-875F-42CD-876C-0B599165E3DD}.Release|Any CPU.ActiveCfg = Release|iPhone
		{285B9171-875F-42CD-876C-0B599165E3DD}.Release|ARM.ActiveCfg = Release|iPhone
		{285B9171-875F-42CD-876C-0B599165E3DD}.Release|iPhone.ActiveCfg = Release|iPhone
		{285B9171-875F-42CD-876C-0B599165E3DD}.Release|iPhone.Build.0 = Release|iPhone
		{285B9171-875F-42CD-876C-0B599165E3DD}.Release|iPhoneSimulator.ActiveCfg = Release|iPhoneSimulator
		{285B9171-875F-42CD-876C-0B599165E3DD}.Release|iPhoneSimulator.Build.0 = Release|iPhoneSimulator
		{285B9171-875F-42CD-876C-0B599165E3DD}.Release|x64.ActiveCfg = Release|iPhone
		{285B9171-875F-42CD-876C-0B599165E3DD}.Release|x86.ActiveCfg = Release|iPhone
		{4B80F568-84BC-4835-8F4E-C8D9E01492CC}.Ad-Hoc|Any CPU.ActiveCfg = Release|x64
		{4B80F568-84BC-4835-8F4E-C8D9E01492CC}.Ad-Hoc|Any CPU.Build.0 = Release|x64
		{4B80F568-84BC-4835-8F4E-C8D9E01492CC}.Ad-Hoc|Any CPU.Deploy.0 = Release|x64
		{4B80F568-84BC-4835-8F4E-C8D9E01492CC}.Ad-Hoc|ARM.ActiveCfg = Release|ARM
		{4B80F568-84BC-4835-8F4E-C8D9E01492CC}.Ad-Hoc|ARM.Build.0 = Release|ARM
		{4B80F568-84BC-4835-8F4E-C8D9E01492CC}.Ad-Hoc|ARM.Deploy.0 = Release|ARM
		{4B80F568-84BC-4835-8F4E-C8D9E01492CC}.Ad-Hoc|iPhone.ActiveCfg = Release|x64
		{4B80F568-84BC-4835-8F4E-C8D9E01492CC}.Ad-Hoc|iPhone.Build.0 = Release|x64
		{4B80F568-84BC-4835-8F4E-C8D9E01492CC}.Ad-Hoc|iPhone.Deploy.0 = Release|x64
		{4B80F568-84BC-4835-8F4E-C8D9E01492CC}.Ad-Hoc|iPhoneSimulator.ActiveCfg = Release|x64
		{4B80F568-84BC-4835-8F4E-C8D9E01492CC}.Ad-Hoc|iPhoneSimulator.Build.0 = Release|x64
		{4B80F568-84BC-4835-8F4E-C8D9E01492CC}.Ad-Hoc|iPhoneSimulator.Deploy.0 = Release|x64
		{4B80F568-84BC-4835-8F4E-C8D9E01492CC}.Ad-Hoc|x64.ActiveCfg = Release|x64
		{4B80F568-84BC-4835-8F4E-C8D9E01492CC}.Ad-Hoc|x64.Build.0 = Release|x64
		{4B80F568-84BC-4835-8F4E-C8D9E01492CC}.Ad-Hoc|x64.Deploy.0 = Release|x64
		{4B80F568-84BC-4835-8F4E-C8D9E01492CC}.Ad-Hoc|x86.ActiveCfg = Release|x86
		{4B80F568-84BC-4835-8F4E-C8D9E01492CC}.Ad-Hoc|x86.Build.0 = Release|x86
		{4B80F568-84BC-4835-8F4E-C8D9E01492CC}.Ad-Hoc|x86.Deploy.0 = Release|x86
		{4B80F568-84BC-4835-8F4E-C8D9E01492CC}.AppStore|Any CPU.ActiveCfg = Release|x64
		{4B80F568-84BC-4835-8F4E-C8D9E01492CC}.AppStore|Any CPU.Build.0 = Release|x64
		{4B80F568-84BC-4835-8F4E-C8D9E01492CC}.AppStore|Any CPU.Deploy.0 = Release|x64
		{4B80F568-84BC-4835-8F4E-C8D9E01492CC}.AppStore|ARM.ActiveCfg = Release|ARM
		{4B80F568-84BC-4835-8F4E-C8D9E01492CC}.AppStore|ARM.Build.0 = Release|ARM
		{4B80F568-84BC-4835-8F4E-C8D9E01492CC}.AppStore|ARM.Deploy.0 = Release|ARM
		{4B80F568-84BC-4835-8F4E-C8D9E01492CC}.AppStore|iPhone.ActiveCfg = Release|x64
		{4B80F568-84BC-4835-8F4E-C8D9E01492CC}.AppStore|iPhone.Build.0 = Release|x64
		{4B80F568-84BC-4835-8F4E-C8D9E01492CC}.AppStore|iPhone.Deploy.0 = Release|x64
		{4B80F568-84BC-4835-8F4E-C8D9E01492CC}.AppStore|iPhoneSimulator.ActiveCfg = Release|x64
		{4B80F568-84BC-4835-8F4E-C8D9E01492CC}.AppStore|iPhoneSimulator.Build.0 = Release|x64
		{4B80F568-84BC-4835-8F4E-C8D9E01492CC}.AppStore|iPhoneSimulator.Deploy.0 = Release|x64
		{4B80F568-84BC-4835-8F4E-C8D9E01492CC}.AppStore|x64.ActiveCfg = Release|x64
		{4B80F568-84BC-4835-8F4E-C8D9E01492CC}.AppStore|x64.Build.0 = Release|x64
		{4B80F568-84BC-4835-8F4E-C8D9E01492CC}.AppStore|x64.Deploy.0 = Release|x64
		{4B80F568-84BC-4835-8F4E-C8D9E01492CC}.AppStore|x86.ActiveCfg = Release|x86
		{4B80F568-84BC-4835-8F4E-C8D9E01492CC}.AppStore|x86.Build.0 = Release|x86
		{4B80F568-84BC-4835-8F4E-C8D9E01492CC}.AppStore|x86.Deploy.0 = Release|x86
		{4B80F568-84BC-4835-8F4E-C8D9E01492CC}.Debug|Any CPU.ActiveCfg = Debug|x86
		{4B80F568-84BC-4835-8F4E-C8D9E01492CC}.Debug|ARM.ActiveCfg = Debug|ARM
		{4B80F568-84BC-4835-8F4E-C8D9E01492CC}.Debug|ARM.Build.0 = Debug|ARM
		{4B80F568-84BC-4835-8F4E-C8D9E01492CC}.Debug|ARM.Deploy.0 = Debug|ARM
		{4B80F568-84BC-4835-8F4E-C8D9E01492CC}.Debug|iPhone.ActiveCfg = Debug|x86
		{4B80F568-84BC-4835-8F4E-C8D9E01492CC}.Debug|iPhoneSimulator.ActiveCfg = Debug|x86
		{4B80F568-84BC-4835-8F4E-C8D9E01492CC}.Debug|x64.ActiveCfg = Debug|x64
		{4B80F568-84BC-4835-8F4E-C8D9E01492CC}.Debug|x64.Build.0 = Debug|x64
		{4B80F568-84BC-4835-8F4E-C8D9E01492CC}.Debug|x64.Deploy.0 = Debug|x64
		{4B80F568-84BC-4835-8F4E-C8D9E01492CC}.Debug|x86.ActiveCfg = Debug|x86
		{4B80F568-84BC-4835-8F4E-C8D9E01492CC}.Debug|x86.Build.0 = Debug|x86
		{4B80F568-84BC-4835-8F4E-C8D9E01492CC}.Debug|x86.Deploy.0 = Debug|x86
		{4B80F568-84BC-4835-8F4E-C8D9E01492CC}.Release|Any CPU.ActiveCfg = Release|x86
		{4B80F568-84BC-4835-8F4E-C8D9E01492CC}.Release|ARM.ActiveCfg = Release|ARM
		{4B80F568-84BC-4835-8F4E-C8D9E01492CC}.Release|ARM.Build.0 = Release|ARM
		{4B80F568-84BC-4835-8F4E-C8D9E01492CC}.Release|ARM.Deploy.0 = Release|ARM
		{4B80F568-84BC-4835-8F4E-C8D9E01492CC}.Release|iPhone.ActiveCfg = Release|x86
		{4B80F568-84BC-4835-8F4E-C8D9E01492CC}.Release|iPhoneSimulator.ActiveCfg = Release|x86
		{4B80F568-84BC-4835-8F4E-C8D9E01492CC}.Release|x64.ActiveCfg = Release|x64
		{4B80F568-84BC-4835-8F4E-C8D9E01492CC}.Release|x64.Build.0 = Release|x64
		{4B80F568-84BC-4835-8F4E-C8D9E01492CC}.Release|x64.Deploy.0 = Release|x64
		{4B80F568-84BC-4835-8F4E-C8D9E01492CC}.Release|x86.ActiveCfg = Release|x86
		{4B80F568-84BC-4835-8F4E-C8D9E01492CC}.Release|x86.Build.0 = Release|x86
		{4B80F568-84BC-4835-8F4E-C8D9E01492CC}.Release|x86.Deploy.0 = Release|x86
	EndGlobalSection
	GlobalSection(SolutionProperties) = preSolution
		HideSolutionNode = FALSE
	EndGlobalSection
	GlobalSection(NestedProjects) = preSolution
		{0C0679A8-1DB7-4D87-B430-B833602B4149} = {61103C54-27E8-4700-BC85-B3F97D37B73C}
		{F05558FF-42A9-45AC-B9D6-71A825F67A0E} = {61103C54-27E8-4700-BC85-B3F97D37B73C}
		{08A91F27-D98E-4A65-B0E3-ABBFED5F8A5A} = {B288E09F-6169-499C-97D9-89F477E35326}
		{285B9171-875F-42CD-876C-0B599165E3DD} = {B288E09F-6169-499C-97D9-89F477E35326}
		{4B80F568-84BC-4835-8F4E-C8D9E01492CC} = {B288E09F-6169-499C-97D9-89F477E35326}
	EndGlobalSection
	GlobalSection(ExtensibilityGlobals) = postSolution
		SolutionGuid = {64C69071-1910-47E5-80E0-9A1A82775FF9}
	EndGlobalSection
EndGlobal
